# This file is automatically @generated by Wally.
# It is not intended for manual editing.
registry = "test"

[[package]]
name = "evaera/promise"
version = "4.0.0"
dependencies = []

[[package]]
name = "kinqandi/dumpster"
version = "0.3.5"
dependencies = []

[[package]]
name = "kinqandi/observe"
version = "1.0.0"
dependencies = [["Dumpster", "kinqandi/dumpster@0.3.5"], ["Promise", "evaera/promise@4.0.0"]]
